Microsoft Visual Studio Solution File, Format Version 11.00
# Visual Studio 2008

Project("{43AE8A4F-4D74-B1F6-B079-5559268C4EB2}") = "adic", "Assembly-CSharp-vs.csproj", "{C2DD09DE-3310-C2D3-072C-22D4D8FFAB2C}"
EndProject
Project("{43AE8A4F-4D74-B1F6-B079-5559268C4EB2}") = "adic", "Assembly-CSharp-Editor-vs.csproj", "{F600DCA1-94C5-E15A-AC54-3D349D5061E1}"
EndProject
Global
	GlobalSection(SolutionConfigurationPlatforms) = preSolution
		Debug|Any CPU = Debug|Any CPU
		Release|Any CPU = Release|Any CPU
	EndGlobalSection
	GlobalSection(ProjectConfigurationPlatforms) = postSolution
		{C2DD09DE-3310-C2D3-072C-22D4D8FFAB2C}.Debug|Any CPU.ActiveCfg = Debug|Any CPU
		{C2DD09DE-3310-C2D3-072C-22D4D8FFAB2C}.Debug|Any CPU.Build.0 = Debug|Any CPU
		{C2DD09DE-3310-C2D3-072C-22D4D8FFAB2C}.Release|Any CPU.ActiveCfg = Release|Any CPU
		{C2DD09DE-3310-C2D3-072C-22D4D8FFAB2C}.Release|Any CPU.Build.0 = Release|Any CPU
		{F600DCA1-94C5-E15A-AC54-3D349D5061E1}.Debug|Any CPU.ActiveCfg = Debug|Any CPU
		{F600DCA1-94C5-E15A-AC54-3D349D5061E1}.Debug|Any CPU.Build.0 = Debug|Any CPU
		{F600DCA1-94C5-E15A-AC54-3D349D5061E1}.Release|Any CPU.ActiveCfg = Release|Any CPU
		{F600DCA1-94C5-E15A-AC54-3D349D5061E1}.Release|Any CPU.Build.0 = Release|Any CPU
	EndGlobalSection
	GlobalSection(SolutionProperties) = preSolution
		HideSolutionNode = FALSE
	EndGlobalSection
								GlobalSection(MonoDevelopProperties) = preSolution
		StartupItem = Assembly-CSharp.csproj
		Policies = $0
		$0.TextStylePolicy = $1
		$1.inheritsSet = null
		$1.scope = text/x-csharp
		$0.CSharpFormattingPolicy = $2
		$2.inheritsSet = Mono
		$2.inheritsScope = text/x-csharp
		$2.scope = text/x-csharp
		$0.TextStylePolicy = $3
		$3.FileWidth = 120
		$3.TabWidth = 4
		$3.IndentWidth = 4
		$3.EolMarker = Unix
		$3.inheritsSet = Mono
		$3.inheritsScope = text/plain
		$3.scope = text/plain
	EndGlobalSection

EndGlobal
